<?xml version="1.0" encoding="utf-8"?>
<Project ToolsVersion="4.0" xmlns="http://schemas.microsoft.com/developer/msbuild/2003">
  <ItemGroup>
    <Filter Include="Source Files">
      <UniqueIdentifier>{4FC737F1-C7A5-4376-A066-2A32D752A2FF}</UniqueIdentifier>
      <Extensions>cpp;c;cc;cxx;c++;cppm;ixx;def;odl;idl;hpj;bat;asm;asmx</Extensions>
    </Filter>
    <Filter Include="Header Files">
      <UniqueIdentifier>{93995380-89BD-4b04-88EB-625FBE52EBFB}</UniqueIdentifier>
      <Extensions>h;hh;hpp;hxx;h++;hm;inl;inc;ipp;xsd</Extensions>
    </Filter>
    <Filter Include="Resource Files">
      <UniqueIdentifier>{67DA6AB6-F800-4c08-8B7A-83BB121AAD01}</UniqueIdentifier>
      <Extensions>rc;ico;cur;bmp;dlg;rc2;rct;bin;rgs;gif;jpg;jpeg;jpe;resx;tiff;tif;png;wav;mfcribbon-ms</Extensions>
    </Filter>
    <Filter Include="Resource Files\Shaders">
      <UniqueIdentifier>{ffdfb449-0eea-4df6-8087-072244410481}</UniqueIdentifier>
    </Filter>
    <Filter Include="Extern">
      <UniqueIdentifier>{69ff8fde-726d-4a62-9795-b77acd65f52d}</UniqueIdentifier>
    </Filter>
    <Filter Include="Extern\MeshOptimizer">
      <UniqueIdentifier>{1aaaa4be-bae5-43fa-862c-28ee5d9e2b06}</UniqueIdentifier>
    </Filter>
    <Filter Include="Extern\ObjParser">
      <UniqueIdentifier>{d642fe6f-fe0b-4697-a3f1-5930a7a607b3}</UniqueIdentifier>
    </Filter>
  </ItemGroup>
  <ItemGroup>
    <ClCompile Include="main.cpp">
      <Filter>Source Files</Filter>
    </ClCompile>
    <ClCompile Include="Window.cpp">
      <Filter>Source Files</Filter>
    </ClCompile>
    <ClCompile Include="App.cpp">
      <Filter>Source Files</Filter>
    </ClCompile>
    <ClCompile Include="GfxApiInstance.cpp">
      <Filter>Source Files</Filter>
    </ClCompile>
    <ClCompile Include="GfxDevice.cpp">
      <Filter>Source Files</Filter>
    </ClCompile>
    <ClCompile Include="GfxEngine.cpp">
      <Filter>Source Files</Filter>
    </ClCompile>
    <ClCompile Include="GfxPipelineBuilder.cpp">
      <Filter>Source Files</Filter>
    </ClCompile>
    <ClCompile Include="GfxBuffer.cpp">
      <Filter>Source Files</Filter>
    </ClCompile>
    <ClCompile Include="Camera.cpp">
      <Filter>Source Files</Filter>
    </ClCompile>
    <ClCompile Include="GfxTextOverlay.cpp">
      <Filter>Source Files</Filter>
    </ClCompile>
    <ClCompile Include="ModelLoader.cpp">
      <Filter>Source Files</Filter>
    </ClCompile>
    <ClCompile Include="lib\meshoptimizer\src\allocator.cpp">
      <Filter>Extern\MeshOptimizer</Filter>
    </ClCompile>
    <ClCompile Include="lib\meshoptimizer\src\clusterizer.cpp">
      <Filter>Extern\MeshOptimizer</Filter>
    </ClCompile>
    <ClCompile Include="lib\meshoptimizer\src\indexcodec.cpp">
      <Filter>Extern\MeshOptimizer</Filter>
    </ClCompile>
    <ClCompile Include="lib\meshoptimizer\src\indexgenerator.cpp">
      <Filter>Extern\MeshOptimizer</Filter>
    </ClCompile>
    <ClCompile Include="lib\meshoptimizer\src\overdrawanalyzer.cpp">
      <Filter>Extern\MeshOptimizer</Filter>
    </ClCompile>
    <ClCompile Include="lib\meshoptimizer\src\overdrawoptimizer.cpp">
      <Filter>Extern\MeshOptimizer</Filter>
    </ClCompile>
    <ClCompile Include="lib\meshoptimizer\src\simplifier.cpp">
      <Filter>Extern\MeshOptimizer</Filter>
    </ClCompile>
    <ClCompile Include="lib\meshoptimizer\src\spatialorder.cpp">
      <Filter>Extern\MeshOptimizer</Filter>
    </ClCompile>
    <ClCompile Include="lib\meshoptimizer\src\stripifier.cpp">
      <Filter>Extern\MeshOptimizer</Filter>
    </ClCompile>
    <ClCompile Include="lib\meshoptimizer\src\vcacheanalyzer.cpp">
      <Filter>Extern\MeshOptimizer</Filter>
    </ClCompile>
    <ClCompile Include="lib\meshoptimizer\src\vcacheoptimizer.cpp">
      <Filter>Extern\MeshOptimizer</Filter>
    </ClCompile>
    <ClCompile Include="lib\meshoptimizer\src\vertexcodec.cpp">
      <Filter>Extern\MeshOptimizer</Filter>
    </ClCompile>
    <ClCompile Include="lib\meshoptimizer\src\vertexfilter.cpp">
      <Filter>Extern\MeshOptimizer</Filter>
    </ClCompile>
    <ClCompile Include="lib\meshoptimizer\src\vfetchanalyzer.cpp">
      <Filter>Extern\MeshOptimizer</Filter>
    </ClCompile>
    <ClCompile Include="lib\meshoptimizer\src\vfetchoptimizer.cpp">
      <Filter>Extern\MeshOptimizer</Filter>
    </ClCompile>
    <ClCompile Include="lib\objparser\objparser.cpp">
      <Filter>Extern\ObjParser</Filter>
    </ClCompile>
  </ItemGroup>
  <ItemGroup>
    <ClInclude Include="Math.h">
      <Filter>Header Files</Filter>
    </ClInclude>
    <ClInclude Include="Window.h">
      <Filter>Header Files</Filter>
    </ClInclude>
    <ClInclude Include="App.h">
      <Filter>Header Files</Filter>
    </ClInclude>
    <ClInclude Include="Exceptions.h">
      <Filter>Header Files</Filter>
    </ClInclude>
    <ClInclude Include="GfxApiInstance.h">
      <Filter>Header Files</Filter>
    </ClInclude>
    <ClInclude Include="Logger.h">
      <Filter>Header Files</Filter>
    </ClInclude>
    <ClInclude Include="GfxDevice.h">
      <Filter>Header Files</Filter>
    </ClInclude>
    <ClInclude Include="GfxFwdDecl.h">
      <Filter>Header Files</Filter>
    </ClInclude>
    <ClInclude Include="GfxImage.h">
      <Filter>Header Files</Filter>
    </ClInclude>
    <ClInclude Include="GfxPipeline.h">
      <Filter>Header Files</Filter>
    </ClInclude>
    <ClInclude Include="GfxEngine.h">
      <Filter>Header Files</Filter>
    </ClInclude>
    <ClInclude Include="GfxPipelineBuilder.h">
      <Filter>Header Files</Filter>
    </ClInclude>
    <ClInclude Include="GfxFrame.h">
      <Filter>Header Files</Filter>
    </ClInclude>
    <ClInclude Include="GfxSwapChain.h">
      <Filter>Header Files</Filter>
    </ClInclude>
    <ClInclude Include="Mesh.h">
      <Filter>Header Files</Filter>
    </ClInclude>
    <ClInclude Include="Cube.h">
      <Filter>Header Files</Filter>
    </ClInclude>
    <ClInclude Include="GfxBuffer.h">
      <Filter>Header Files</Filter>
    </ClInclude>
    <ClInclude Include="Camera.h">
      <Filter>Header Files</Filter>
    </ClInclude>
    <ClInclude Include="GfxTextOverlay.h">
      <Filter>Header Files</Filter>
    </ClInclude>
    <ClInclude Include="ModelLoader.h">
      <Filter>Header Files</Filter>
    </ClInclude>
    <ClInclude Include="lib\meshoptimizer\src\meshoptimizer.h">
      <Filter>Extern\MeshOptimizer</Filter>
    </ClInclude>
    <ClInclude Include="lib\objparser\objparser.h">
      <Filter>Extern\ObjParser</Filter>
    </ClInclude>
  </ItemGroup>
  <ItemGroup>
    <CustomBuild Include="triangle.vert">
      <Filter>Resource Files\Shaders</Filter>
    </CustomBuild>
    <CustomBuild Include="triangle.frag">
      <Filter>Resource Files\Shaders</Filter>
    </CustomBuild>
    <CustomBuild Include="text.frag">
      <Filter>Resource Files\Shaders</Filter>
    </CustomBuild>
    <CustomBuild Include="text.vert">
      <Filter>Resource Files\Shaders</Filter>
    </CustomBuild>
  </ItemGroup>
</Project>